{
  "name": "bhumipertanahandemo",
  "lockfileVersion": 3,
  "requires": true,
  "packages": {
    "": {
      "dependencies": {
        "leaflet-rotate-map": "^0.3.1"
      }
    },
    "node_modules/@types/geojson": {
      "version": "7946.0.13",
      "resolved": "https://registry.npmjs.org/@types/geojson/-/geojson-7946.0.13.tgz",
      "integrity": "sha512-bmrNrgKMOhM3WsafmbGmC+6dsF2Z308vLFsQ3a/bT8X8Sv5clVYpPars/UPq+sAaJP+5OoLAYgwbkS5QEJdLUQ=="
    },
    "node_modules/@types/leaflet": {
      "version": "1.9.8",
      "resolved": "https://registry.npmjs.org/@types/leaflet/-/leaflet-1.9.8.tgz",
      "integrity": "sha512-EXdsL4EhoUtGm2GC2ZYtXn+Fzc6pluVgagvo2VC1RHWToLGlTRwVYoDpqS/7QXa01rmDyBjJk3Catpf60VMkwg==",
      "dependencies": {
        "@types/geojson": "*"
      }
    },
    "node_modules/leaflet-rotate-map": {
      "version": "0.3.1",
      "resolved": "https://registry.npmjs.org/leaflet-rotate-map/-/leaflet-rotate-map-0.3.1.tgz",
      "integrity": "sha512-eXh4vIbXNb81p/B5yJMocAX8q1FaK+saineveJdtwRZgzjA53S8ZfaLkyZ4S7b4GkMQHn6w3qOHqXTVDJ7vxHQ==",
      "dependencies": {
        "@types/leaflet": "^1.9.3"
      }
    }
  }
}
